
Microsoft Visual Studio Solution File, Format Version 12.00
# Visual Studio 15
VisualStudioVersion = 15.0.28307.1972
MinimumVisualStudioVersion = 10.0.40219.1
Project("{8BC9CEB8-8B4A-11D0-8D11-00A0C91BC942}") = "Лабораторная 1c", "Лабораторная 1c\Лабораторная 1c.vcxproj", "{684D4AE6-8963-4619-B8D9-59DF92B759EB}"
EndProject
Global
	GlobalSection(SolutionConfigurationPlatforms) = preSolution
		Debug|x64 = Debug|x64
		Debug|x86 = Debug|x86
		Release|x64 = Release|x64
		Release|x86 = Release|x86
	EndGlobalSection
	GlobalSection(ProjectConfigurationPlatforms) = postSolution
		{684D4AE6-8963-4619-B8D9-59DF92B759EB}.Debug|x64.ActiveCfg = Debug|x64
		{684D4AE6-8963-4619-B8D9-59DF92B759EB}.Debug|x64.Build.0 = Debug|x64
		{684D4AE6-8963-4619-B8D9-59DF92B759EB}.Debug|x86.ActiveCfg = Debug|Win32
		{684D4AE6-8963-4619-B8D9-59DF92B759EB}.Debug|x86.Build.0 = Debug|Win32
		{684D4AE6-8963-4619-B8D9-59DF92B759EB}.Release|x64.ActiveCfg = Release|x64
		{684D4AE6-8963-4619-B8D9-59DF92B759EB}.Release|x64.Build.0 = Release|x64
		{684D4AE6-8963-4619-B8D9-59DF92B759EB}.Release|x86.ActiveCfg = Release|Win32
		{684D4AE6-8963-4619-B8D9-59DF92B759EB}.Release|x86.Build.0 = Release|Win32
	EndGlobalSection
	GlobalSection(SolutionProperties) = preSolution
		HideSolutionNode = FALSE
	EndGlobalSection
	GlobalSection(ExtensibilityGlobals) = postSolution
		SolutionGuid = {A09D3DD2-C11A-43F1-A5AE-5E23402FEAA4}
	EndGlobalSection
EndGlobal
