
Microsoft Visual Studio Solution File, Format Version 12.00
# Visual Studio Version 17
VisualStudioVersion = 17.11.35327.3
MinimumVisualStudioVersion = 10.0.40219.1
Project("{FAE04EC0-301F-11D3-BF4B-00C04F79EFBC}") = "Lab14", "Lab14\Lab14.csproj", "{F2CA71C6-DB37-4560-9B50-AE464CAF0D9F}"
EndProject
Global
	GlobalSection(SolutionConfigurationPlatforms) = preSolution
		Debug|Any CPU = Debug|Any CPU
		Release|Any CPU = Release|Any CPU
	EndGlobalSection
	GlobalSection(ProjectConfigurationPlatforms) = postSolution
		{F2CA71C6-DB37-4560-9B50-AE464CAF0D9F}.Debug|Any CPU.ActiveCfg = Debug|Any CPU
		{F2CA71C6-DB37-4560-9B50-AE464CAF0D9F}.Debug|Any CPU.Build.0 = Debug|Any CPU
		{F2CA71C6-DB37-4560-9B50-AE464CAF0D9F}.Release|Any CPU.ActiveCfg = Release|Any CPU
		{F2CA71C6-DB37-4560-9B50-AE464CAF0D9F}.Release|Any CPU.Build.0 = Release|Any CPU
	EndGlobalSection
	GlobalSection(SolutionProperties) = preSolution
		HideSolutionNode = FALSE
	EndGlobalSection
	GlobalSection(ExtensibilityGlobals) = postSolution
		SolutionGuid = {28207D48-964B-4F4D-8540-3EF4804FDC60}
	EndGlobalSection
EndGlobal
