
Microsoft Visual Studio Solution File, Format Version 12.00
# Visual Studio Version 17
VisualStudioVersion = 17.10.35027.167
MinimumVisualStudioVersion = 10.0.40219.1
Project("{FAE04EC0-301F-11D3-BF4B-00C04F79EFBC}") = "лр6", "лр6\лр6.csproj", "{FE45B052-EB02-4234-A0AD-6E3BA4A54311}"
EndProject
Project("{2150E333-8FDC-42A3-9474-1A3956D46DE8}") = "Элементы решения", "Элементы решения", "{ABF36FF2-64C7-40A2-9A5B-5AC9F4CBA600}"
	ProjectSection(SolutionItems) = preProject
		AddressBook.cs = AddressBook.cs
		Friend.cs = Friend.cs
		Note.cs = Note.cs
		Program.cs = Program.cs
	EndProjectSection
EndProject
Global
	GlobalSection(SolutionConfigurationPlatforms) = preSolution
		Debug|Any CPU = Debug|Any CPU
		Release|Any CPU = Release|Any CPU
	EndGlobalSection
	GlobalSection(ProjectConfigurationPlatforms) = postSolution
		{FE45B052-EB02-4234-A0AD-6E3BA4A54311}.Debug|Any CPU.ActiveCfg = Debug|Any CPU
		{FE45B052-EB02-4234-A0AD-6E3BA4A54311}.Debug|Any CPU.Build.0 = Debug|Any CPU
		{FE45B052-EB02-4234-A0AD-6E3BA4A54311}.Release|Any CPU.ActiveCfg = Release|Any CPU
		{FE45B052-EB02-4234-A0AD-6E3BA4A54311}.Release|Any CPU.Build.0 = Release|Any CPU
	EndGlobalSection
	GlobalSection(SolutionProperties) = preSolution
		HideSolutionNode = FALSE
	EndGlobalSection
	GlobalSection(ExtensibilityGlobals) = postSolution
		SolutionGuid = {01FDE8C4-5D23-49DA-9B00-E953DF6C908B}
	EndGlobalSection
EndGlobal
