
Microsoft Visual Studio Solution File, Format Version 12.00
# Visual Studio Version 17
VisualStudioVersion = 17.11.35327.3
MinimumVisualStudioVersion = 10.0.40219.1
Project("{9A19103F-16F7-4668-BE54-9A1E7A4F7556}") = "Lab 2", "Lab 2\Lab 2.csproj", "{F4C9088B-12C9-4054-93EF-BCE7CAAD5CBB}"
EndProject
Project("{FAE04EC0-301F-11D3-BF4B-00C04F79EFBC}") = "Task 2", "Task 2\Task 2.csproj", "{129755F2-92B6-4DA7-B708-E7270B61A776}"
EndProject
Global
	GlobalSection(SolutionConfigurationPlatforms) = preSolution
		Debug|Any CPU = Debug|Any CPU
		Release|Any CPU = Release|Any CPU
	EndGlobalSection
	GlobalSection(ProjectConfigurationPlatforms) = postSolution
		{F4C9088B-12C9-4054-93EF-BCE7CAAD5CBB}.Debug|Any CPU.ActiveCfg = Debug|Any CPU
		{F4C9088B-12C9-4054-93EF-BCE7CAAD5CBB}.Debug|Any CPU.Build.0 = Debug|Any CPU
		{F4C9088B-12C9-4054-93EF-BCE7CAAD5CBB}.Release|Any CPU.ActiveCfg = Release|Any CPU
		{F4C9088B-12C9-4054-93EF-BCE7CAAD5CBB}.Release|Any CPU.Build.0 = Release|Any CPU
		{129755F2-92B6-4DA7-B708-E7270B61A776}.Debug|Any CPU.ActiveCfg = Debug|Any CPU
		{129755F2-92B6-4DA7-B708-E7270B61A776}.Debug|Any CPU.Build.0 = Debug|Any CPU
		{129755F2-92B6-4DA7-B708-E7270B61A776}.Release|Any CPU.ActiveCfg = Release|Any CPU
		{129755F2-92B6-4DA7-B708-E7270B61A776}.Release|Any CPU.Build.0 = Release|Any CPU
	EndGlobalSection
	GlobalSection(SolutionProperties) = preSolution
		HideSolutionNode = FALSE
	EndGlobalSection
	GlobalSection(ExtensibilityGlobals) = postSolution
		SolutionGuid = {50F4A6F5-78FA-4629-8F62-FD1FAEC3D96F}
	EndGlobalSection
EndGlobal
